
Microsoft Visual Studio Solution File, Format Version 12.00
# Visual Studio Version 17
VisualStudioVersion = 17.0.31903.59
MinimumVisualStudioVersion = 10.0.40219.1
Project("{FAE04EC0-301F-11D3-BF4B-00C04F79EFBC}") = "MasterMindGameAPI", "MasterMindGameAPI\MasterMindGameAPI.csproj", "{FD2C92BD-6A09-4FB6-B9A7-C3B2852C12CE}"
EndProject
Project("{FAE04EC0-301F-11D3-BF4B-00C04F79EFBC}") = "model", "MasterMindLib\model.csproj", "{0C992E83-04A7-41D1-A8A2-A901042EEA5C}"
EndProject
Project("{FAE04EC0-301F-11D3-BF4B-00C04F79EFBC}") = "FileManager", "FileManager\FileManager.csproj", "{31E77AB7-77D6-44FF-85C9-4D2E2A959392}"
EndProject
Project("{2150E333-8FDC-42A3-9474-1A3956D46DE8}") = "Authentication", "Authentication", "{D8FFBE0A-892A-4A13-BFA7-F383E9137FA8}"
EndProject
Project("{FAE04EC0-301F-11D3-BF4B-00C04F79EFBC}") = "AuthenticationService", "Authentication\AuthenticationService\AuthenticationService.csproj", "{4B771B79-5FC9-4CF0-BD7E-AC3B42AE47EE}"
EndProject
Global
	GlobalSection(SolutionConfigurationPlatforms) = preSolution
		Debug|Any CPU = Debug|Any CPU
		Release|Any CPU = Release|Any CPU
	EndGlobalSection
	GlobalSection(SolutionProperties) = preSolution
		HideSolutionNode = FALSE
	EndGlobalSection
	GlobalSection(ProjectConfigurationPlatforms) = postSolution
		{FD2C92BD-6A09-4FB6-B9A7-C3B2852C12CE}.Debug|Any CPU.ActiveCfg = Debug|Any CPU
		{FD2C92BD-6A09-4FB6-B9A7-C3B2852C12CE}.Debug|Any CPU.Build.0 = Debug|Any CPU
		{FD2C92BD-6A09-4FB6-B9A7-C3B2852C12CE}.Release|Any CPU.ActiveCfg = Release|Any CPU
		{FD2C92BD-6A09-4FB6-B9A7-C3B2852C12CE}.Release|Any CPU.Build.0 = Release|Any CPU
		{BCEB0DA7-7DF4-40EA-9420-8A2F1B0A2D72}.Debug|Any CPU.ActiveCfg = Debug|Any CPU
		{BCEB0DA7-7DF4-40EA-9420-8A2F1B0A2D72}.Debug|Any CPU.Build.0 = Debug|Any CPU
		{BCEB0DA7-7DF4-40EA-9420-8A2F1B0A2D72}.Release|Any CPU.ActiveCfg = Release|Any CPU
		{BCEB0DA7-7DF4-40EA-9420-8A2F1B0A2D72}.Release|Any CPU.Build.0 = Release|Any CPU
		{0C992E83-04A7-41D1-A8A2-A901042EEA5C}.Debug|Any CPU.ActiveCfg = Debug|Any CPU
		{0C992E83-04A7-41D1-A8A2-A901042EEA5C}.Debug|Any CPU.Build.0 = Debug|Any CPU
		{0C992E83-04A7-41D1-A8A2-A901042EEA5C}.Release|Any CPU.ActiveCfg = Release|Any CPU
		{0C992E83-04A7-41D1-A8A2-A901042EEA5C}.Release|Any CPU.Build.0 = Release|Any CPU
		{31E77AB7-77D6-44FF-85C9-4D2E2A959392}.Debug|Any CPU.ActiveCfg = Debug|Any CPU
		{31E77AB7-77D6-44FF-85C9-4D2E2A959392}.Debug|Any CPU.Build.0 = Debug|Any CPU
		{31E77AB7-77D6-44FF-85C9-4D2E2A959392}.Release|Any CPU.ActiveCfg = Release|Any CPU
		{31E77AB7-77D6-44FF-85C9-4D2E2A959392}.Release|Any CPU.Build.0 = Release|Any CPU
		{4B771B79-5FC9-4CF0-BD7E-AC3B42AE47EE}.Debug|Any CPU.ActiveCfg = Debug|Any CPU
		{4B771B79-5FC9-4CF0-BD7E-AC3B42AE47EE}.Debug|Any CPU.Build.0 = Debug|Any CPU
		{4B771B79-5FC9-4CF0-BD7E-AC3B42AE47EE}.Release|Any CPU.ActiveCfg = Release|Any CPU
		{4B771B79-5FC9-4CF0-BD7E-AC3B42AE47EE}.Release|Any CPU.Build.0 = Release|Any CPU
	EndGlobalSection
	GlobalSection(NestedProjects) = preSolution
		{4B771B79-5FC9-4CF0-BD7E-AC3B42AE47EE} = {D8FFBE0A-892A-4A13-BFA7-F383E9137FA8}
	EndGlobalSection
EndGlobal
